
Microsoft Visual Studio Solution File, Format Version 12.00
# Visual Studio Version 16
VisualStudioVersion = 16.0.32106.194
MinimumVisualStudioVersion = 10.0.40219.1
Project("{9A19103F-16F7-4668-BE54-9A1E7A4F7556}") = "WebApplication_Lacatus_Catalin", "WebApplication_Lacatus_Catalin\WebApplication_Lacatus_Catalin.csproj", "{FBFA27CE-0E7F-4748-A5E6-86EF9A4152C3}"
EndProject
Project("{2150E333-8FDC-42A3-9474-1A3956D46DE8}") = "Solution Items", "Solution Items", "{97DD1EFE-486F-4396-A8F5-D7786415F03D}"
	ProjectSection(SolutionItems) = preProject
		.editorconfig = .editorconfig
	EndProjectSection
EndProject
Global
	GlobalSection(SolutionConfigurationPlatforms) = preSolution
		Debug|Any CPU = Debug|Any CPU
		Release|Any CPU = Release|Any CPU
	EndGlobalSection
	GlobalSection(ProjectConfigurationPlatforms) = postSolution
		{FBFA27CE-0E7F-4748-A5E6-86EF9A4152C3}.Debug|Any CPU.ActiveCfg = Debug|Any CPU
		{FBFA27CE-0E7F-4748-A5E6-86EF9A4152C3}.Debug|Any CPU.Build.0 = Debug|Any CPU
		{FBFA27CE-0E7F-4748-A5E6-86EF9A4152C3}.Release|Any CPU.ActiveCfg = Release|Any CPU
		{FBFA27CE-0E7F-4748-A5E6-86EF9A4152C3}.Release|Any CPU.Build.0 = Release|Any CPU
	EndGlobalSection
	GlobalSection(SolutionProperties) = preSolution
		HideSolutionNode = FALSE
	EndGlobalSection
	GlobalSection(ExtensibilityGlobals) = postSolution
		SolutionGuid = {951A9CFE-3860-48A2-841D-9051F527F918}
	EndGlobalSection
EndGlobal
